
Microsoft Visual Studio Solution File, Format Version 12.00
# Visual Studio Version 17
VisualStudioVersion = 17.0.32112.339
MinimumVisualStudioVersion = 10.0.40219.1
Project("{FAE04EC0-301F-11D3-BF4B-00C04F79EFBC}") = "Quiz Assignment", "Quiz Assignment\Quiz Assignment.csproj", "{0134FF5E-5B55-4047-B2E0-8EB56E9BBBC1}"
EndProject
Global
	GlobalSection(SolutionConfigurationPlatforms) = preSolution
		Debug|Any CPU = Debug|Any CPU
		Release|Any CPU = Release|Any CPU
	EndGlobalSection
	GlobalSection(ProjectConfigurationPlatforms) = postSolution
		{0134FF5E-5B55-4047-B2E0-8EB56E9BBBC1}.Debug|Any CPU.ActiveCfg = Debug|Any CPU
		{0134FF5E-5B55-4047-B2E0-8EB56E9BBBC1}.Debug|Any CPU.Build.0 = Debug|Any CPU
		{0134FF5E-5B55-4047-B2E0-8EB56E9BBBC1}.Release|Any CPU.ActiveCfg = Release|Any CPU
		{0134FF5E-5B55-4047-B2E0-8EB56E9BBBC1}.Release|Any CPU.Build.0 = Release|Any CPU
	EndGlobalSection
	GlobalSection(SolutionProperties) = preSolution
		HideSolutionNode = FALSE
	EndGlobalSection
	GlobalSection(ExtensibilityGlobals) = postSolution
		SolutionGuid = {C3FACD67-291C-426D-8BBC-819033DED8D1}
	EndGlobalSection
EndGlobal
